
Microsoft Visual Studio Solution File, Format Version 12.00
# Visual Studio Version 16
VisualStudioVersion = 16.0.29728.190
MinimumVisualStudioVersion = 10.0.40219.1
Project("{FAE04EC0-301F-11D3-BF4B-00C04F79EFBC}") = "MovieRecommendationApp.UI", "MovieRecommendationApp.UI\MovieRecommendationApp.UI.csproj", "{0C38A7BD-58B3-4E12-917D-9CF09CFD3372}"
EndProject
Project("{FAE04EC0-301F-11D3-BF4B-00C04F79EFBC}") = "MovieRecommendationApp.BLL", "MovieRecommendationApp.BLL\MovieRecommendationApp.BLL.csproj", "{29D9006F-9DF1-4834-9524-1494E6FA2424}"
EndProject
Project("{FAE04EC0-301F-11D3-BF4B-00C04F79EFBC}") = "MovieRecommendationApp.DAL", "MovieRecommendationApp.DAL\MovieRecommendationApp.DAL.csproj", "{94E2727F-EB20-4261-B1D1-7DE7973E4141}"
EndProject
Global
	GlobalSection(SolutionConfigurationPlatforms) = preSolution
		Debug|Any CPU = Debug|Any CPU
		Release|Any CPU = Release|Any CPU
	EndGlobalSection
	GlobalSection(ProjectConfigurationPlatforms) = postSolution
		{0C38A7BD-58B3-4E12-917D-9CF09CFD3372}.Debug|Any CPU.ActiveCfg = Debug|Any CPU
		{0C38A7BD-58B3-4E12-917D-9CF09CFD3372}.Debug|Any CPU.Build.0 = Debug|Any CPU
		{0C38A7BD-58B3-4E12-917D-9CF09CFD3372}.Release|Any CPU.ActiveCfg = Release|Any CPU
		{0C38A7BD-58B3-4E12-917D-9CF09CFD3372}.Release|Any CPU.Build.0 = Release|Any CPU
		{29D9006F-9DF1-4834-9524-1494E6FA2424}.Debug|Any CPU.ActiveCfg = Debug|Any CPU
		{29D9006F-9DF1-4834-9524-1494E6FA2424}.Debug|Any CPU.Build.0 = Debug|Any CPU
		{29D9006F-9DF1-4834-9524-1494E6FA2424}.Release|Any CPU.ActiveCfg = Release|Any CPU
		{29D9006F-9DF1-4834-9524-1494E6FA2424}.Release|Any CPU.Build.0 = Release|Any CPU
		{94E2727F-EB20-4261-B1D1-7DE7973E4141}.Debug|Any CPU.ActiveCfg = Debug|Any CPU
		{94E2727F-EB20-4261-B1D1-7DE7973E4141}.Debug|Any CPU.Build.0 = Debug|Any CPU
		{94E2727F-EB20-4261-B1D1-7DE7973E4141}.Release|Any CPU.ActiveCfg = Release|Any CPU
		{94E2727F-EB20-4261-B1D1-7DE7973E4141}.Release|Any CPU.Build.0 = Release|Any CPU
	EndGlobalSection
	GlobalSection(SolutionProperties) = preSolution
		HideSolutionNode = FALSE
	EndGlobalSection
	GlobalSection(ExtensibilityGlobals) = postSolution
		SolutionGuid = {E9A7DBDD-E4D9-44FE-98FA-135095E3DA65}
	EndGlobalSection
EndGlobal
